
Microsoft Visual Studio Solution File, Format Version 12.00
# Visual Studio 15
Project("{FAE04EC0-301F-11D3-BF4B-00C04F79EFBC}") = "lab13.Android", "lab13.Android\lab13.Android.csproj", "{7CAFD300-4416-4DD9-BBEB-4F1A0A74E238}"
EndProject
Project("{FAE04EC0-301F-11D3-BF4B-00C04F79EFBC}") = "lab13.iOS", "lab13.iOS\lab13.iOS.csproj", "{6546C6D1-F2BA-43B8-95B1-982334FD447E}"
EndProject
Project("{FAE04EC0-301F-11D3-BF4B-00C04F79EFBC}") = "lab13", "lab13\lab13.csproj", "{CAA9A520-14A8-4C97-AC81-F63C7A311C30}"
EndProject
Global
	GlobalSection(SolutionConfigurationPlatforms) = preSolution
		Debug|Any CPU = Debug|Any CPU
		Release|Any CPU = Release|Any CPU
		Debug|iPhoneSimulator = Debug|iPhoneSimulator
		Release|iPhoneSimulator = Release|iPhoneSimulator
		Debug|iPhone = Debug|iPhone
		Release|iPhone = Release|iPhone
	EndGlobalSection
	GlobalSection(ProjectConfigurationPlatforms) = postSolution
		{7CAFD300-4416-4DD9-BBEB-4F1A0A74E238}.Debug|Any CPU.ActiveCfg = Debug|Any CPU
		{7CAFD300-4416-4DD9-BBEB-4F1A0A74E238}.Debug|Any CPU.Build.0 = Debug|Any CPU
		{7CAFD300-4416-4DD9-BBEB-4F1A0A74E238}.Release|Any CPU.ActiveCfg = Release|Any CPU
		{7CAFD300-4416-4DD9-BBEB-4F1A0A74E238}.Release|Any CPU.Build.0 = Release|Any CPU
		{7CAFD300-4416-4DD9-BBEB-4F1A0A74E238}.Debug|iPhoneSimulator.ActiveCfg = Debug|Any CPU
		{7CAFD300-4416-4DD9-BBEB-4F1A0A74E238}.Debug|iPhoneSimulator.Build.0 = Debug|Any CPU
		{7CAFD300-4416-4DD9-BBEB-4F1A0A74E238}.Release|iPhoneSimulator.ActiveCfg = Release|Any CPU
		{7CAFD300-4416-4DD9-BBEB-4F1A0A74E238}.Release|iPhoneSimulator.Build.0 = Release|Any CPU
		{7CAFD300-4416-4DD9-BBEB-4F1A0A74E238}.Debug|iPhone.ActiveCfg = Debug|Any CPU
		{7CAFD300-4416-4DD9-BBEB-4F1A0A74E238}.Debug|iPhone.Build.0 = Debug|Any CPU
		{7CAFD300-4416-4DD9-BBEB-4F1A0A74E238}.Release|iPhone.ActiveCfg = Release|Any CPU
		{7CAFD300-4416-4DD9-BBEB-4F1A0A74E238}.Release|iPhone.Build.0 = Release|Any CPU
		{6546C6D1-F2BA-43B8-95B1-982334FD447E}.Debug|Any CPU.ActiveCfg = Debug|iPhoneSimulator
		{6546C6D1-F2BA-43B8-95B1-982334FD447E}.Debug|Any CPU.Build.0 = Debug|iPhoneSimulator
		{6546C6D1-F2BA-43B8-95B1-982334FD447E}.Release|Any CPU.ActiveCfg = Release|iPhoneSimulator
		{6546C6D1-F2BA-43B8-95B1-982334FD447E}.Release|Any CPU.Build.0 = Release|iPhoneSimulator
		{6546C6D1-F2BA-43B8-95B1-982334FD447E}.Debug|iPhoneSimulator.ActiveCfg = Debug|iPhoneSimulator
		{6546C6D1-F2BA-43B8-95B1-982334FD447E}.Debug|iPhoneSimulator.Build.0 = Debug|iPhoneSimulator
		{6546C6D1-F2BA-43B8-95B1-982334FD447E}.Release|iPhoneSimulator.ActiveCfg = Release|iPhoneSimulator
		{6546C6D1-F2BA-43B8-95B1-982334FD447E}.Release|iPhoneSimulator.Build.0 = Release|iPhoneSimulator
		{6546C6D1-F2BA-43B8-95B1-982334FD447E}.Debug|iPhone.ActiveCfg = Debug|iPhone
		{6546C6D1-F2BA-43B8-95B1-982334FD447E}.Debug|iPhone.Build.0 = Debug|iPhone
		{6546C6D1-F2BA-43B8-95B1-982334FD447E}.Release|iPhone.ActiveCfg = Release|iPhone
		{6546C6D1-F2BA-43B8-95B1-982334FD447E}.Release|iPhone.Build.0 = Release|iPhone
		{CAA9A520-14A8-4C97-AC81-F63C7A311C30}.Debug|Any CPU.ActiveCfg = Debug|Any CPU
		{CAA9A520-14A8-4C97-AC81-F63C7A311C30}.Debug|Any CPU.Build.0 = Debug|Any CPU
		{CAA9A520-14A8-4C97-AC81-F63C7A311C30}.Release|Any CPU.ActiveCfg = Release|Any CPU
		{CAA9A520-14A8-4C97-AC81-F63C7A311C30}.Release|Any CPU.Build.0 = Release|Any CPU
		{CAA9A520-14A8-4C97-AC81-F63C7A311C30}.Debug|iPhoneSimulator.ActiveCfg = Debug|Any CPU
		{CAA9A520-14A8-4C97-AC81-F63C7A311C30}.Debug|iPhoneSimulator.Build.0 = Debug|Any CPU
		{CAA9A520-14A8-4C97-AC81-F63C7A311C30}.Release|iPhoneSimulator.ActiveCfg = Release|Any CPU
		{CAA9A520-14A8-4C97-AC81-F63C7A311C30}.Release|iPhoneSimulator.Build.0 = Release|Any CPU
		{CAA9A520-14A8-4C97-AC81-F63C7A311C30}.Debug|iPhone.ActiveCfg = Debug|Any CPU
		{CAA9A520-14A8-4C97-AC81-F63C7A311C30}.Debug|iPhone.Build.0 = Debug|Any CPU
		{CAA9A520-14A8-4C97-AC81-F63C7A311C30}.Release|iPhone.ActiveCfg = Release|Any CPU
		{CAA9A520-14A8-4C97-AC81-F63C7A311C30}.Release|iPhone.Build.0 = Release|Any CPU
	EndGlobalSection
EndGlobal
